
Microsoft Visual Studio Solution File, Format Version 12.00
# Visual Studio 15
VisualStudioVersion = 15.0.27130.2024
MinimumVisualStudioVersion = 10.0.40219.1
Project("{FAE04EC0-301F-11D3-BF4B-00C04F79EFBC}") = "Kunde_Konto", "Kunde_Konto\Kunde_Konto.csproj", "{B050C1AC-D991-4069-B9A9-E27C7E94C7AB}"
EndProject
Global
	GlobalSection(SolutionConfigurationPlatforms) = preSolution
		Debug|Any CPU = Debug|Any CPU
		Release|Any CPU = Release|Any CPU
	EndGlobalSection
	GlobalSection(ProjectConfigurationPlatforms) = postSolution
		{B050C1AC-D991-4069-B9A9-E27C7E94C7AB}.Debug|Any CPU.ActiveCfg = Debug|Any CPU
		{B050C1AC-D991-4069-B9A9-E27C7E94C7AB}.Debug|Any CPU.Build.0 = Debug|Any CPU
		{B050C1AC-D991-4069-B9A9-E27C7E94C7AB}.Release|Any CPU.ActiveCfg = Release|Any CPU
		{B050C1AC-D991-4069-B9A9-E27C7E94C7AB}.Release|Any CPU.Build.0 = Release|Any CPU
	EndGlobalSection
	GlobalSection(SolutionProperties) = preSolution
		HideSolutionNode = FALSE
	EndGlobalSection
	GlobalSection(ExtensibilityGlobals) = postSolution
		SolutionGuid = {51CE8425-98A9-4403-A948-181A77496B71}
	EndGlobalSection
EndGlobal
