
Microsoft Visual Studio Solution File, Format Version 12.00
# Visual Studio 15
VisualStudioVersion = 15.0.27130.2027
MinimumVisualStudioVersion = 10.0.40219.1
Project("{FAE04EC0-301F-11D3-BF4B-00C04F79EFBC}") = "Vererbung", "Vererbung\Vererbung.csproj", "{72FA61E0-1ACA-4310-A54B-E29A751C9737}"
EndProject
Global
	GlobalSection(SolutionConfigurationPlatforms) = preSolution
		Debug|Any CPU = Debug|Any CPU
		Release|Any CPU = Release|Any CPU
	EndGlobalSection
	GlobalSection(ProjectConfigurationPlatforms) = postSolution
		{72FA61E0-1ACA-4310-A54B-E29A751C9737}.Debug|Any CPU.ActiveCfg = Debug|Any CPU
		{72FA61E0-1ACA-4310-A54B-E29A751C9737}.Debug|Any CPU.Build.0 = Debug|Any CPU
		{72FA61E0-1ACA-4310-A54B-E29A751C9737}.Release|Any CPU.ActiveCfg = Release|Any CPU
		{72FA61E0-1ACA-4310-A54B-E29A751C9737}.Release|Any CPU.Build.0 = Release|Any CPU
	EndGlobalSection
	GlobalSection(SolutionProperties) = preSolution
		HideSolutionNode = FALSE
	EndGlobalSection
	GlobalSection(ExtensibilityGlobals) = postSolution
		SolutionGuid = {FA5160A3-5619-42E7-B079-7F49EE2D3F15}
	EndGlobalSection
EndGlobal
